
Microsoft Visual Studio Solution File, Format Version 12.00
# Visual Studio Version 17
VisualStudioVersion = 17.14.37111.16 d17.14
MinimumVisualStudioVersion = 10.0.40219.1
Project("{FAE04EC0-301F-11D3-BF4B-00C04F79EFBC}") = "NextEvdMaui", "NextEvdMaui.csproj", "{13739F1D-6D18-7D79-9421-7010A9F283C4}"
EndProject
Global
	GlobalSection(SolutionConfigurationPlatforms) = preSolution
		Debug|Any CPU = Debug|Any CPU
		Release|Any CPU = Release|Any CPU
	EndGlobalSection
	GlobalSection(ProjectConfigurationPlatforms) = postSolution
		{13739F1D-6D18-7D79-9421-7010A9F283C4}.Debug|Any CPU.ActiveCfg = Debug|Any CPU
		{13739F1D-6D18-7D79-9421-7010A9F283C4}.Debug|Any CPU.Build.0 = Debug|Any CPU
		{13739F1D-6D18-7D79-9421-7010A9F283C4}.Debug|Any CPU.Deploy.0 = Debug|Any CPU
		{13739F1D-6D18-7D79-9421-7010A9F283C4}.Release|Any CPU.ActiveCfg = Release|Any CPU
		{13739F1D-6D18-7D79-9421-7010A9F283C4}.Release|Any CPU.Build.0 = Release|Any CPU
	EndGlobalSection
	GlobalSection(SolutionProperties) = preSolution
		HideSolutionNode = FALSE
	EndGlobalSection
	GlobalSection(ExtensibilityGlobals) = postSolution
		SolutionGuid = {2A39962C-6B26-4D8F-87C0-C8668DFD95E4}
	EndGlobalSection
EndGlobal
